{
  "name": "rentch-splat-convert",
  "version": "1.0.0",
  "lockfileVersion": 3,
  "requires": true,
  "packages": {
    "": {
      "name": "rentch-splat-convert",
      "version": "1.0.0",
      "dependencies": {
        "@mkkellogg/gaussian-splats-3d": "0.4.7",
        "three": "0.160.1"
      }
    },
    "node_modules/@mkkellogg/gaussian-splats-3d": {
      "version": "0.4.7",
      "resolved": "https://registry.npmjs.org/@mkkellogg/gaussian-splats-3d/-/gaussian-splats-3d-0.4.7.tgz",
      "integrity": "sha512-0vy9/i9sJLFH/v3WJZ4axCsqjkToe8UsV3xY7bvK5EUC0akiRsWZODoCiSzpxhTLNyzSKTsyQKozIFeNA5RWRA==",
      "license": "MIT",
      "peerDependencies": {
        "three": ">=0.160.0"
      }
    },
    "node_modules/three": {
      "version": "0.160.1",
      "resolved": "https://registry.npmjs.org/three/-/three-0.160.1.tgz",
      "integrity": "sha512-Bgl2wPJypDOZ1stAxwfWAcJ0WQf7QzlptsxkjYiURPz+n5k4RBDLsq+6f9Y75TYxn6aHLcWz+JNmwTOXWrQTBQ==",
      "license": "MIT"
    }
  }
}
